
Microsoft Visual Studio Solution File, Format Version 12.00
# Visual Studio Version 17
VisualStudioVersion = 17.10.35004.147
MinimumVisualStudioVersion = 10.0.40219.1
Project("{FAE04EC0-301F-11D3-BF4B-00C04F79EFBC}") = "SmartBuild-Space", "SmartBuild-Space\SmartBuild-Space.csproj", "{03662322-BD15-455F-AEE6-B1CC03927718}"
EndProject
Global
	GlobalSection(SolutionConfigurationPlatforms) = preSolution
		Debug|Any CPU = Debug|Any CPU
		Release|Any CPU = Release|Any CPU
	EndGlobalSection
	GlobalSection(ProjectConfigurationPlatforms) = postSolution
		{03662322-BD15-455F-AEE6-B1CC03927718}.Debug|Any CPU.ActiveCfg = Debug|Any CPU
		{03662322-BD15-455F-AEE6-B1CC03927718}.Debug|Any CPU.Build.0 = Debug|Any CPU
		{03662322-BD15-455F-AEE6-B1CC03927718}.Release|Any CPU.ActiveCfg = Release|Any CPU
		{03662322-BD15-455F-AEE6-B1CC03927718}.Release|Any CPU.Build.0 = Release|Any CPU
	EndGlobalSection
	GlobalSection(SolutionProperties) = preSolution
		HideSolutionNode = FALSE
	EndGlobalSection
	GlobalSection(ExtensibilityGlobals) = postSolution
		SolutionGuid = {96477495-8990-4C54-9C82-05696661E84F}
	EndGlobalSection
EndGlobal
