
Microsoft Visual Studio Solution File, Format Version 12.00
# Visual Studio Version 17
VisualStudioVersion = 17.9.34622.214
MinimumVisualStudioVersion = 10.0.40219.1
Project("{FAE04EC0-301F-11D3-BF4B-00C04F79EFBC}") = "RedBelgrano", "RedBelgrano\RedBelgrano.csproj", "{F4D22702-9E21-45A6-807C-9519C85A57EB}"
EndProject
Global
	GlobalSection(SolutionConfigurationPlatforms) = preSolution
		Debug|Any CPU = Debug|Any CPU
		Release|Any CPU = Release|Any CPU
	EndGlobalSection
	GlobalSection(ProjectConfigurationPlatforms) = postSolution
		{F4D22702-9E21-45A6-807C-9519C85A57EB}.Debug|Any CPU.ActiveCfg = Debug|Any CPU
		{F4D22702-9E21-45A6-807C-9519C85A57EB}.Debug|Any CPU.Build.0 = Debug|Any CPU
		{F4D22702-9E21-45A6-807C-9519C85A57EB}.Release|Any CPU.ActiveCfg = Release|Any CPU
		{F4D22702-9E21-45A6-807C-9519C85A57EB}.Release|Any CPU.Build.0 = Release|Any CPU
	EndGlobalSection
	GlobalSection(SolutionProperties) = preSolution
		HideSolutionNode = FALSE
	EndGlobalSection
	GlobalSection(ExtensibilityGlobals) = postSolution
		SolutionGuid = {09616E39-E2A6-4E64-90C3-2E2C3611C19F}
	EndGlobalSection
EndGlobal
